// !$*UTF8*$!
{
	archiveVersion = 1;
	classes = {
	};
	objectVersion = 77;
	objects = {

/* Begin PBXBuildFile section */
		06CCFF5E71B83FEEEB45CDDB /* NVTSettingsView.swift in Sources */ = {isa = PBXBuildFile; fileRef = 6D408414C7650AF1D157BE4E /* NVTSettingsView.swift */; };
		17F0489A938BB8DDAFE58D49 /* NVTFormatting.swift in Sources */ = {isa = PBXBuildFile; fileRef = 4B115AEC2A8DB1C0BDD7B570 /* NVTFormatting.swift */; };
		1AF9256D6D5AE88ADFCC1322 /* NVTMapPanel.swift in Sources */ = {isa = PBXBuildFile; fileRef = 990F8947D6203FAEF0178C46 /* NVTMapPanel.swift */; };
		26256E071F4D46F71BFB1D8D /* NVTWatchApp.swift in Sources */ = {isa = PBXBuildFile; fileRef = C34BBBC42A770A273104B09E /* NVTWatchApp.swift */; };
		2E9768F5F82FEBFFA421791B /* NVTModels.swift in Sources */ = {isa = PBXBuildFile; fileRef = 7D5D8AACB8D4CF4D5B915D56 /* NVTModels.swift */; };
		410F9360F451165E4A8E41B2 /* NVTModels.swift in Sources */ = {isa = PBXBuildFile; fileRef = 7D5D8AACB8D4CF4D5B915D56 /* NVTModels.swift */; };
		5FBF376BDAC27FAE8DE7B48C /* NVTWatchViews.swift in Sources */ = {isa = PBXBuildFile; fileRef = 8430520E569F931F4B74D1E1 /* NVTWatchViews.swift */; };
		7A08B0CB8F6A8B3A531AB251 /* NVTComponents.swift in Sources */ = {isa = PBXBuildFile; fileRef = F04F89D729D1C7AF0646797A /* NVTComponents.swift */; };
		7D86607C2DB0B4E95B01099B /* NVTRootView.swift in Sources */ = {isa = PBXBuildFile; fileRef = 42D7AFBBA5B3D15589B845F8 /* NVTRootView.swift */; };
		9222FEC4ACE563B290C66568 /* NVTTheme.swift in Sources */ = {isa = PBXBuildFile; fileRef = F1C1F961BC68F22C2A8B31AB /* NVTTheme.swift */; };
		948801A1B2BFE4B724A080DE /* NVTPreferences.swift in Sources */ = {isa = PBXBuildFile; fileRef = 95488379C7D89BA2255B1AA1 /* NVTPreferences.swift */; };
		9F05F19D990C11DE1F83E03B /* NVTDashboardStore.swift in Sources */ = {isa = PBXBuildFile; fileRef = 54C8BBC58CDA40BC3F894F78 /* NVTDashboardStore.swift */; };
		A1AC98D37A0B94D2E086FAB2 /* NVTTheme.swift in Sources */ = {isa = PBXBuildFile; fileRef = F1C1F961BC68F22C2A8B31AB /* NVTTheme.swift */; };
		AAF25C2AE1BDA58AF4D21A3D /* NVTBackendClient.swift in Sources */ = {isa = PBXBuildFile; fileRef = 177A365690CCC3EF9712C75F /* NVTBackendClient.swift */; };
		AF3C45DAD05E6F873FE8AF20 /* NVTApp.swift in Sources */ = {isa = PBXBuildFile; fileRef = E15590E7ADDEB853B873EB9C /* NVTApp.swift */; };
		B5C970506B44C89F7B956217 /* NVTBackendClient.swift in Sources */ = {isa = PBXBuildFile; fileRef = 177A365690CCC3EF9712C75F /* NVTBackendClient.swift */; };
		B8491D14465E93E9E1FF1ED9 /* NVTFormatting.swift in Sources */ = {isa = PBXBuildFile; fileRef = 4B115AEC2A8DB1C0BDD7B570 /* NVTFormatting.swift */; };
		BC8ABD3CC88E070312E9C969 /* NVTDashboardStore.swift in Sources */ = {isa = PBXBuildFile; fileRef = 54C8BBC58CDA40BC3F894F78 /* NVTDashboardStore.swift */; };
		C0108CDC2D13A45FAF975798 /* NVTPreferences.swift in Sources */ = {isa = PBXBuildFile; fileRef = 95488379C7D89BA2255B1AA1 /* NVTPreferences.swift */; };
		CF75239A5EDD088F4606E2A1 /* NVTComponents.swift in Sources */ = {isa = PBXBuildFile; fileRef = F04F89D729D1C7AF0646797A /* NVTComponents.swift */; };
/* End PBXBuildFile section */

/* Begin PBXFileReference section */
		177A365690CCC3EF9712C75F /* NVTBackendClient.swift */ = {isa = PBXFileReference; lastKnownFileType = sourcecode.swift; path = NVTBackendClient.swift; sourceTree = "<group>"; };
		42D7AFBBA5B3D15589B845F8 /* NVTRootView.swift */ = {isa = PBXFileReference; lastKnownFileType = sourcecode.swift; path = NVTRootView.swift; sourceTree = "<group>"; };
		4B115AEC2A8DB1C0BDD7B570 /* NVTFormatting.swift */ = {isa = PBXFileReference; lastKnownFileType = sourcecode.swift; path = NVTFormatting.swift; sourceTree = "<group>"; };
		54C8BBC58CDA40BC3F894F78 /* NVTDashboardStore.swift */ = {isa = PBXFileReference; lastKnownFileType = sourcecode.swift; path = NVTDashboardStore.swift; sourceTree = "<group>"; };
		6D408414C7650AF1D157BE4E /* NVTSettingsView.swift */ = {isa = PBXFileReference; lastKnownFileType = sourcecode.swift; path = NVTSettingsView.swift; sourceTree = "<group>"; };
		7557C16993B5F740117837C7 /* NVT.app */ = {isa = PBXFileReference; includeInIndex = 0; lastKnownFileType = wrapper.application; path = NVT.app; sourceTree = BUILT_PRODUCTS_DIR; };
		7D5D8AACB8D4CF4D5B915D56 /* NVTModels.swift */ = {isa = PBXFileReference; lastKnownFileType = sourcecode.swift; path = NVTModels.swift; sourceTree = "<group>"; };
		8430520E569F931F4B74D1E1 /* NVTWatchViews.swift */ = {isa = PBXFileReference; lastKnownFileType = sourcecode.swift; path = NVTWatchViews.swift; sourceTree = "<group>"; };
		95488379C7D89BA2255B1AA1 /* NVTPreferences.swift */ = {isa = PBXFileReference; lastKnownFileType = sourcecode.swift; path = NVTPreferences.swift; sourceTree = "<group>"; };
		990F8947D6203FAEF0178C46 /* NVTMapPanel.swift */ = {isa = PBXFileReference; lastKnownFileType = sourcecode.swift; path = NVTMapPanel.swift; sourceTree = "<group>"; };
		BC2498DDD383D50010E5053E /* Info.plist */ = {isa = PBXFileReference; lastKnownFileType = text.plist; path = Info.plist; sourceTree = "<group>"; };
		C34BBBC42A770A273104B09E /* NVTWatchApp.swift */ = {isa = PBXFileReference; lastKnownFileType = sourcecode.swift; path = NVTWatchApp.swift; sourceTree = "<group>"; };
		CC1340379A7D56C6917E7A85 /* NVT Watch.app */ = {isa = PBXFileReference; explicitFileType = wrapper.application; includeInIndex = 0; path = "NVT Watch.app"; sourceTree = BUILT_PRODUCTS_DIR; };
		D65AC28A9AAB66F5AC9B3EAB /* Info.plist */ = {isa = PBXFileReference; lastKnownFileType = text.plist; path = Info.plist; sourceTree = "<group>"; };
		E15590E7ADDEB853B873EB9C /* NVTApp.swift */ = {isa = PBXFileReference; lastKnownFileType = sourcecode.swift; path = NVTApp.swift; sourceTree = "<group>"; };
		F04F89D729D1C7AF0646797A /* NVTComponents.swift */ = {isa = PBXFileReference; lastKnownFileType = sourcecode.swift; path = NVTComponents.swift; sourceTree = "<group>"; };
		F1C1F961BC68F22C2A8B31AB /* NVTTheme.swift */ = {isa = PBXFileReference; lastKnownFileType = sourcecode.swift; path = NVTTheme.swift; sourceTree = "<group>"; };
/* End PBXFileReference section */

/* Begin PBXGroup section */
		018A378FD50196E5657BD1F0 /* NVTUIShared */ = {
			isa = PBXGroup;
			children = (
				F04F89D729D1C7AF0646797A /* NVTComponents.swift */,
				4B115AEC2A8DB1C0BDD7B570 /* NVTFormatting.swift */,
				F1C1F961BC68F22C2A8B31AB /* NVTTheme.swift */,
			);
			path = NVTUIShared;
			sourceTree = "<group>";
		};
		2DBDB19DC6323BC8F925312C /* Products */ = {
			isa = PBXGroup;
			children = (
				CC1340379A7D56C6917E7A85 /* NVT Watch.app */,
				7557C16993B5F740117837C7 /* NVT.app */,
			);
			name = Products;
			sourceTree = "<group>";
		};
		652CC8C60FE283A8A9404F7A /* NVTCore */ = {
			isa = PBXGroup;
			children = (
				177A365690CCC3EF9712C75F /* NVTBackendClient.swift */,
				54C8BBC58CDA40BC3F894F78 /* NVTDashboardStore.swift */,
				7D5D8AACB8D4CF4D5B915D56 /* NVTModels.swift */,
				95488379C7D89BA2255B1AA1 /* NVTPreferences.swift */,
			);
			path = NVTCore;
			sourceTree = "<group>";
		};
		90D6C3B231E8BF868E96340F /* NVTApp */ = {
			isa = PBXGroup;
			children = (
				D65AC28A9AAB66F5AC9B3EAB /* Info.plist */,
				E15590E7ADDEB853B873EB9C /* NVTApp.swift */,
				990F8947D6203FAEF0178C46 /* NVTMapPanel.swift */,
				42D7AFBBA5B3D15589B845F8 /* NVTRootView.swift */,
				6D408414C7650AF1D157BE4E /* NVTSettingsView.swift */,
			);
			path = NVTApp;
			sourceTree = "<group>";
		};
		C62966CB696B7E81C777053B = {
			isa = PBXGroup;
			children = (
				90D6C3B231E8BF868E96340F /* NVTApp */,
				652CC8C60FE283A8A9404F7A /* NVTCore */,
				018A378FD50196E5657BD1F0 /* NVTUIShared */,
				D998B18D6F20F93ECA04A3D9 /* NVTWatch */,
				2DBDB19DC6323BC8F925312C /* Products */,
			);
			sourceTree = "<group>";
		};
		D998B18D6F20F93ECA04A3D9 /* NVTWatch */ = {
			isa = PBXGroup;
			children = (
				BC2498DDD383D50010E5053E /* Info.plist */,
				C34BBBC42A770A273104B09E /* NVTWatchApp.swift */,
				8430520E569F931F4B74D1E1 /* NVTWatchViews.swift */,
			);
			path = NVTWatch;
			sourceTree = "<group>";
		};
/* End PBXGroup section */

/* Begin PBXNativeTarget section */
		7884306374648E417A4B6650 /* NVT Watch */ = {
			isa = PBXNativeTarget;
			buildConfigurationList = A7CA58A89C5BBCACE0F1F7A1 /* Build configuration list for PBXNativeTarget "NVT Watch" */;
			buildPhases = (
				0700014AB1B44ECE953BDBD6 /* Sources */,
			);
			buildRules = (
			);
			dependencies = (
			);
			name = "NVT Watch";
			packageProductDependencies = (
			);
			productName = "NVT Watch";
			productReference = CC1340379A7D56C6917E7A85 /* NVT Watch.app */;
			productType = "com.apple.product-type.application";
		};
		D734C0EDCA1723C9013684E3 /* NVT */ = {
			isa = PBXNativeTarget;
			buildConfigurationList = 5AE0BE178155291856130916 /* Build configuration list for PBXNativeTarget "NVT" */;
			buildPhases = (
				56F10740D07FEF8CF762A486 /* Sources */,
			);
			buildRules = (
			);
			dependencies = (
			);
			name = NVT;
			packageProductDependencies = (
			);
			productName = NVT;
			productReference = 7557C16993B5F740117837C7 /* NVT.app */;
			productType = "com.apple.product-type.application";
		};
/* End PBXNativeTarget section */

/* Begin PBXProject section */
		E37F51136D31AAC9637A262D /* Project object */ = {
			isa = PBXProject;
			attributes = {
				BuildIndependentTargetsInParallel = YES;
				LastUpgradeCheck = 1430;
				TargetAttributes = {
					7884306374648E417A4B6650 = {
						ProvisioningStyle = Automatic;
					};
					D734C0EDCA1723C9013684E3 = {
						ProvisioningStyle = Automatic;
					};
				};
			};
			buildConfigurationList = 55C5A645B67A009218745508 /* Build configuration list for PBXProject "NVT" */;
			compatibilityVersion = "Xcode 14.0";
			developmentRegion = en;
			hasScannedForEncodings = 0;
			knownRegions = (
				Base,
				en,
			);
			mainGroup = C62966CB696B7E81C777053B;
			minimizedProjectReferenceProxies = 1;
			preferredProjectObjectVersion = 77;
			projectDirPath = "";
			projectRoot = "";
			targets = (
				D734C0EDCA1723C9013684E3 /* NVT */,
				7884306374648E417A4B6650 /* NVT Watch */,
			);
		};
/* End PBXProject section */

/* Begin PBXSourcesBuildPhase section */
		0700014AB1B44ECE953BDBD6 /* Sources */ = {
			isa = PBXSourcesBuildPhase;
			buildActionMask = 2147483647;
			files = (
				B5C970506B44C89F7B956217 /* NVTBackendClient.swift in Sources */,
				7A08B0CB8F6A8B3A531AB251 /* NVTComponents.swift in Sources */,
				BC8ABD3CC88E070312E9C969 /* NVTDashboardStore.swift in Sources */,
				17F0489A938BB8DDAFE58D49 /* NVTFormatting.swift in Sources */,
				410F9360F451165E4A8E41B2 /* NVTModels.swift in Sources */,
				C0108CDC2D13A45FAF975798 /* NVTPreferences.swift in Sources */,
				9222FEC4ACE563B290C66568 /* NVTTheme.swift in Sources */,
				26256E071F4D46F71BFB1D8D /* NVTWatchApp.swift in Sources */,
				5FBF376BDAC27FAE8DE7B48C /* NVTWatchViews.swift in Sources */,
			);
			runOnlyForDeploymentPostprocessing = 0;
		};
		56F10740D07FEF8CF762A486 /* Sources */ = {
			isa = PBXSourcesBuildPhase;
			buildActionMask = 2147483647;
			files = (
				AF3C45DAD05E6F873FE8AF20 /* NVTApp.swift in Sources */,
				AAF25C2AE1BDA58AF4D21A3D /* NVTBackendClient.swift in Sources */,
				CF75239A5EDD088F4606E2A1 /* NVTComponents.swift in Sources */,
				9F05F19D990C11DE1F83E03B /* NVTDashboardStore.swift in Sources */,
				B8491D14465E93E9E1FF1ED9 /* NVTFormatting.swift in Sources */,
				1AF9256D6D5AE88ADFCC1322 /* NVTMapPanel.swift in Sources */,
				2E9768F5F82FEBFFA421791B /* NVTModels.swift in Sources */,
				948801A1B2BFE4B724A080DE /* NVTPreferences.swift in Sources */,
				7D86607C2DB0B4E95B01099B /* NVTRootView.swift in Sources */,
				06CCFF5E71B83FEEEB45CDDB /* NVTSettingsView.swift in Sources */,
				A1AC98D37A0B94D2E086FAB2 /* NVTTheme.swift in Sources */,
			);
			runOnlyForDeploymentPostprocessing = 0;
		};
/* End PBXSourcesBuildPhase section */

/* Begin XCBuildConfiguration section */
		0612EDDC07E74DBB9C851086 /* Debug */ = {
			isa = XCBuildConfiguration;
			buildSettings = {
				ALWAYS_SEARCH_USER_PATHS = NO;
				CLANG_ANALYZER_NONNULL = YES;
				CLANG_ANALYZER_NUMBER_OBJECT_CONVERSION = YES_AGGRESSIVE;
				CLANG_CXX_LANGUAGE_STANDARD = "gnu++14";
				CLANG_CXX_LIBRARY = "libc++";
				CLANG_ENABLE_MODULES = YES;
				CLANG_ENABLE_OBJC_ARC = YES;
				CLANG_ENABLE_OBJC_WEAK = YES;
				CLANG_WARN_BLOCK_CAPTURE_AUTORELEASING = YES;
				CLANG_WARN_BOOL_CONVERSION = YES;
				CLANG_WARN_COMMA = YES;
				CLANG_WARN_CONSTANT_CONVERSION = YES;
				CLANG_WARN_DEPRECATED_OBJC_IMPLEMENTATIONS = YES;
				CLANG_WARN_DIRECT_OBJC_ISA_USAGE = YES_ERROR;
				CLANG_WARN_DOCUMENTATION_COMMENTS = YES;
				CLANG_WARN_EMPTY_BODY = YES;
				CLANG_WARN_ENUM_CONVERSION = YES;
				CLANG_WARN_INFINITE_RECURSION = YES;
				CLANG_WARN_INT_CONVERSION = YES;
				CLANG_WARN_NON_LITERAL_NULL_CONVERSION = YES;
				CLANG_WARN_OBJC_IMPLICIT_RETAIN_SELF = YES;
				CLANG_WARN_OBJC_LITERAL_CONVERSION = YES;
				CLANG_WARN_OBJC_ROOT_CLASS = YES_ERROR;
				CLANG_WARN_QUOTED_INCLUDE_IN_FRAMEWORK_HEADER = YES;
				CLANG_WARN_RANGE_LOOP_ANALYSIS = YES;
				CLANG_WARN_STRICT_PROTOTYPES = YES;
				CLANG_WARN_SUSPICIOUS_MOVE = YES;
				CLANG_WARN_UNGUARDED_AVAILABILITY = YES_AGGRESSIVE;
				CLANG_WARN_UNREACHABLE_CODE = YES;
				CLANG_WARN__DUPLICATE_METHOD_MATCH = YES;
				COPY_PHASE_STRIP = NO;
				CURRENT_PROJECT_VERSION = 2;
				DEBUG_INFORMATION_FORMAT = dwarf;
				ENABLE_STRICT_OBJC_MSGSEND = YES;
				ENABLE_TESTABILITY = YES;
				GCC_C_LANGUAGE_STANDARD = gnu11;
				GCC_DYNAMIC_NO_PIC = NO;
				GCC_NO_COMMON_BLOCKS = YES;
				GCC_OPTIMIZATION_LEVEL = 0;
				GCC_PREPROCESSOR_DEFINITIONS = (
					"$(inherited)",
					"DEBUG=1",
				);
				GCC_WARN_64_TO_32_BIT_CONVERSION = YES;
				GCC_WARN_ABOUT_RETURN_TYPE = YES_ERROR;
				GCC_WARN_UNDECLARED_SELECTOR = YES;
				GCC_WARN_UNINITIALIZED_AUTOS = YES_AGGRESSIVE;
				GCC_WARN_UNUSED_FUNCTION = YES;
				GCC_WARN_UNUSED_VARIABLE = YES;
				IPHONEOS_DEPLOYMENT_TARGET = 17.0;
				MACOSX_DEPLOYMENT_TARGET = 14.0;
				MARKETING_VERSION = 2.0;
				MTL_ENABLE_DEBUG_INFO = INCLUDE_SOURCE;
				MTL_FAST_MATH = YES;
				ONLY_ACTIVE_ARCH = YES;
				PRODUCT_NAME = "$(TARGET_NAME)";
				SWIFT_ACTIVE_COMPILATION_CONDITIONS = DEBUG;
				SWIFT_OPTIMIZATION_LEVEL = "-Onone";
				SWIFT_VERSION = 6.0;
				WATCHOS_DEPLOYMENT_TARGET = 10.0;
				XROS_DEPLOYMENT_TARGET = 1.0;
			};
			name = Debug;
		};
		4A34BDD06616A5E3DB828242 /* Release */ = {
			isa = XCBuildConfiguration;
			buildSettings = {
				ASSETCATALOG_COMPILER_APPICON_NAME = AppIcon;
				CODE_SIGN_STYLE = Automatic;
				INFOPLIST_FILE = NVTWatch/Info.plist;
				PRODUCT_BUNDLE_IDENTIFIER = io.github.Cycl0o0.NVT.watch;
				PRODUCT_NAME = NVT;
				SDKROOT = watchos;
				SKIP_INSTALL = YES;
				TARGETED_DEVICE_FAMILY = 4;
			};
			name = Release;
		};
		756E66B05FE4967C6F89D97E /* Debug */ = {
			isa = XCBuildConfiguration;
			buildSettings = {
				ASSETCATALOG_COMPILER_APPICON_NAME = AppIcon;
				CODE_SIGN_IDENTITY = "iPhone Developer";
				CODE_SIGN_STYLE = Automatic;
				INFOPLIST_FILE = NVTApp/Info.plist;
				LD_RUNPATH_SEARCH_PATHS = (
					"$(inherited)",
					"@executable_path/Frameworks",
				);
				PRODUCT_BUNDLE_IDENTIFIER = io.github.Cycl0o0.NVT;
				PRODUCT_NAME = NVT;
				SDKROOT = auto;
				SUPPORTED_PLATFORMS = "iphoneos iphonesimulator xros xrsimulator macosx";
				SUPPORTS_MACCATALYST = NO;
				SUPPORTS_MAC_DESIGNED_FOR_IPHONE_IPAD = NO;
				SUPPORTS_XR_DESIGNED_FOR_IPHONE_IPAD = NO;
				TARGETED_DEVICE_FAMILY = "1,2,7";
			};
			name = Debug;
		};
		962FF626E6A085374DC06BEE /* Debug */ = {
			isa = XCBuildConfiguration;
			buildSettings = {
				ASSETCATALOG_COMPILER_APPICON_NAME = AppIcon;
				CODE_SIGN_STYLE = Automatic;
				INFOPLIST_FILE = NVTWatch/Info.plist;
				PRODUCT_BUNDLE_IDENTIFIER = io.github.Cycl0o0.NVT.watch;
				PRODUCT_NAME = NVT;
				SDKROOT = watchos;
				SKIP_INSTALL = YES;
				TARGETED_DEVICE_FAMILY = 4;
			};
			name = Debug;
		};
		9FC25855F9142756D0D54FCF /* Release */ = {
			isa = XCBuildConfiguration;
			buildSettings = {
				ALWAYS_SEARCH_USER_PATHS = NO;
				CLANG_ANALYZER_NONNULL = YES;
				CLANG_ANALYZER_NUMBER_OBJECT_CONVERSION = YES_AGGRESSIVE;
				CLANG_CXX_LANGUAGE_STANDARD = "gnu++14";
				CLANG_CXX_LIBRARY = "libc++";
				CLANG_ENABLE_MODULES = YES;
				CLANG_ENABLE_OBJC_ARC = YES;
				CLANG_ENABLE_OBJC_WEAK = YES;
				CLANG_WARN_BLOCK_CAPTURE_AUTORELEASING = YES;
				CLANG_WARN_BOOL_CONVERSION = YES;
				CLANG_WARN_COMMA = YES;
				CLANG_WARN_CONSTANT_CONVERSION = YES;
				CLANG_WARN_DEPRECATED_OBJC_IMPLEMENTATIONS = YES;
				CLANG_WARN_DIRECT_OBJC_ISA_USAGE = YES_ERROR;
				CLANG_WARN_DOCUMENTATION_COMMENTS = YES;
				CLANG_WARN_EMPTY_BODY = YES;
				CLANG_WARN_ENUM_CONVERSION = YES;
				CLANG_WARN_INFINITE_RECURSION = YES;
				CLANG_WARN_INT_CONVERSION = YES;
				CLANG_WARN_NON_LITERAL_NULL_CONVERSION = YES;
				CLANG_WARN_OBJC_IMPLICIT_RETAIN_SELF = YES;
				CLANG_WARN_OBJC_LITERAL_CONVERSION = YES;
				CLANG_WARN_OBJC_ROOT_CLASS = YES_ERROR;
				CLANG_WARN_QUOTED_INCLUDE_IN_FRAMEWORK_HEADER = YES;
				CLANG_WARN_RANGE_LOOP_ANALYSIS = YES;
				CLANG_WARN_STRICT_PROTOTYPES = YES;
				CLANG_WARN_SUSPICIOUS_MOVE = YES;
				CLANG_WARN_UNGUARDED_AVAILABILITY = YES_AGGRESSIVE;
				CLANG_WARN_UNREACHABLE_CODE = YES;
				CLANG_WARN__DUPLICATE_METHOD_MATCH = YES;
				COPY_PHASE_STRIP = NO;
				CURRENT_PROJECT_VERSION = 2;
				DEBUG_INFORMATION_FORMAT = "dwarf-with-dsym";
				ENABLE_NS_ASSERTIONS = NO;
				ENABLE_STRICT_OBJC_MSGSEND = YES;
				GCC_C_LANGUAGE_STANDARD = gnu11;
				GCC_NO_COMMON_BLOCKS = YES;
				GCC_WARN_64_TO_32_BIT_CONVERSION = YES;
				GCC_WARN_ABOUT_RETURN_TYPE = YES_ERROR;
				GCC_WARN_UNDECLARED_SELECTOR = YES;
				GCC_WARN_UNINITIALIZED_AUTOS = YES_AGGRESSIVE;
				GCC_WARN_UNUSED_FUNCTION = YES;
				GCC_WARN_UNUSED_VARIABLE = YES;
				IPHONEOS_DEPLOYMENT_TARGET = 17.0;
				MACOSX_DEPLOYMENT_TARGET = 14.0;
				MARKETING_VERSION = 2.0;
				MTL_ENABLE_DEBUG_INFO = NO;
				MTL_FAST_MATH = YES;
				PRODUCT_NAME = "$(TARGET_NAME)";
				SWIFT_COMPILATION_MODE = wholemodule;
				SWIFT_OPTIMIZATION_LEVEL = "-O";
				SWIFT_VERSION = 6.0;
				WATCHOS_DEPLOYMENT_TARGET = 10.0;
				XROS_DEPLOYMENT_TARGET = 1.0;
			};
			name = Release;
		};
		AF96B76C3C40F8A46465B222 /* Release */ = {
			isa = XCBuildConfiguration;
			buildSettings = {
				ASSETCATALOG_COMPILER_APPICON_NAME = AppIcon;
				CODE_SIGN_IDENTITY = "iPhone Developer";
				CODE_SIGN_STYLE = Automatic;
				INFOPLIST_FILE = NVTApp/Info.plist;
				LD_RUNPATH_SEARCH_PATHS = (
					"$(inherited)",
					"@executable_path/Frameworks",
				);
				PRODUCT_BUNDLE_IDENTIFIER = io.github.Cycl0o0.NVT;
				PRODUCT_NAME = NVT;
				SDKROOT = auto;
				SUPPORTED_PLATFORMS = "iphoneos iphonesimulator xros xrsimulator macosx";
				SUPPORTS_MACCATALYST = NO;
				SUPPORTS_MAC_DESIGNED_FOR_IPHONE_IPAD = NO;
				SUPPORTS_XR_DESIGNED_FOR_IPHONE_IPAD = NO;
				TARGETED_DEVICE_FAMILY = "1,2,7";
			};
			name = Release;
		};
/* End XCBuildConfiguration section */

/* Begin XCConfigurationList section */
		55C5A645B67A009218745508 /* Build configuration list for PBXProject "NVT" */ = {
			isa = XCConfigurationList;
			buildConfigurations = (
				0612EDDC07E74DBB9C851086 /* Debug */,
				9FC25855F9142756D0D54FCF /* Release */,
			);
			defaultConfigurationIsVisible = 0;
			defaultConfigurationName = Debug;
		};
		5AE0BE178155291856130916 /* Build configuration list for PBXNativeTarget "NVT" */ = {
			isa = XCConfigurationList;
			buildConfigurations = (
				756E66B05FE4967C6F89D97E /* Debug */,
				AF96B76C3C40F8A46465B222 /* Release */,
			);
			defaultConfigurationIsVisible = 0;
			defaultConfigurationName = Debug;
		};
		A7CA58A89C5BBCACE0F1F7A1 /* Build configuration list for PBXNativeTarget "NVT Watch" */ = {
			isa = XCConfigurationList;
			buildConfigurations = (
				962FF626E6A085374DC06BEE /* Debug */,
				4A34BDD06616A5E3DB828242 /* Release */,
			);
			defaultConfigurationIsVisible = 0;
			defaultConfigurationName = Debug;
		};
/* End XCConfigurationList section */
	};
	rootObject = E37F51136D31AAC9637A262D /* Project object */;
}
